
Microsoft Visual Studio Solution File, Format Version 12.00
# Visual Studio Version 17
VisualStudioVersion = 17.5.33516.290
MinimumVisualStudioVersion = 10.0.40219.1
Project("{9A19103F-16F7-4668-BE54-9A1E7A4F7556}") = "ProjectReactServer", "ProjectReactServer\ProjectReactServer.csproj", "{AE8EB6FD-D605-400E-BC0E-64008ABB4B54}"
EndProject
Project("{9A19103F-16F7-4668-BE54-9A1E7A4F7556}") = "Dal", "Dal\Dal.csproj", "{70F3D4CB-E1B9-4D48-BF84-71EF800F6AD4}"
EndProject
Project("{9A19103F-16F7-4668-BE54-9A1E7A4F7556}") = "Models", "MODELSS\Models.csproj", "{96F1600C-EC27-4666-BEFA-B52E782F2D97}"
EndProject
Global
	GlobalSection(SolutionConfigurationPlatforms) = preSolution
		Debug|Any CPU = Debug|Any CPU
		Release|Any CPU = Release|Any CPU
	EndGlobalSection
	GlobalSection(ProjectConfigurationPlatforms) = postSolution
		{AE8EB6FD-D605-400E-BC0E-64008ABB4B54}.Debug|Any CPU.ActiveCfg = Debug|Any CPU
		{AE8EB6FD-D605-400E-BC0E-64008ABB4B54}.Debug|Any CPU.Build.0 = Debug|Any CPU
		{AE8EB6FD-D605-400E-BC0E-64008ABB4B54}.Release|Any CPU.ActiveCfg = Release|Any CPU
		{AE8EB6FD-D605-400E-BC0E-64008ABB4B54}.Release|Any CPU.Build.0 = Release|Any CPU
		{70F3D4CB-E1B9-4D48-BF84-71EF800F6AD4}.Debug|Any CPU.ActiveCfg = Debug|Any CPU
		{70F3D4CB-E1B9-4D48-BF84-71EF800F6AD4}.Debug|Any CPU.Build.0 = Debug|Any CPU
		{70F3D4CB-E1B9-4D48-BF84-71EF800F6AD4}.Release|Any CPU.ActiveCfg = Release|Any CPU
		{70F3D4CB-E1B9-4D48-BF84-71EF800F6AD4}.Release|Any CPU.Build.0 = Release|Any CPU
		{96F1600C-EC27-4666-BEFA-B52E782F2D97}.Debug|Any CPU.ActiveCfg = Debug|Any CPU
		{96F1600C-EC27-4666-BEFA-B52E782F2D97}.Debug|Any CPU.Build.0 = Debug|Any CPU
		{96F1600C-EC27-4666-BEFA-B52E782F2D97}.Release|Any CPU.ActiveCfg = Release|Any CPU
		{96F1600C-EC27-4666-BEFA-B52E782F2D97}.Release|Any CPU.Build.0 = Release|Any CPU
	EndGlobalSection
	GlobalSection(SolutionProperties) = preSolution
		HideSolutionNode = FALSE
	EndGlobalSection
	GlobalSection(ExtensibilityGlobals) = postSolution
		SolutionGuid = {EBFA8385-3116-477C-B694-260F4B1C1496}
	EndGlobalSection
EndGlobal
